
Microsoft Visual Studio Solution File, Format Version 12.00
Project("{FAE04EC0-301F-11D3-BF4B-00C04F79EFBC}") = "Recipere.Core", "Recipere.Core\Recipere.Core.csproj", "{2CE52CBE-B906-480A-A0AD-A818BEA456A9}"
EndProject
Project("{FAE04EC0-301F-11D3-BF4B-00C04F79EFBC}") = "Recipere.Infrastructure", "Recipere.Infrastructure\Recipere.Infrastructure.csproj", "{57495FE2-71A1-468B-91CA-A897BAFA891A}"
EndProject
Project("{FAE04EC0-301F-11D3-BF4B-00C04F79EFBC}") = "Recipere.Application", "Recipere.Application\Recipere.Application.csproj", "{E7841BF1-F4BB-4B85-AA65-1D8E21C32AC9}"
EndProject
Project("{FAE04EC0-301F-11D3-BF4B-00C04F79EFBC}") = "Recipere.Presentation.Console", "Recipere.Presentation.Console\Recipere.Presentation.Console.csproj", "{F8C26719-6462-45A3-94DF-1C1C35DCF75B}"
EndProject
Project("{FAE04EC0-301F-11D3-BF4B-00C04F79EFBC}") = "Recipere.Presentation.Telegram", "Recipere.Presentation.Telegram\Recipere.Presentation.Telegram.csproj", "{D5C9675B-30B2-4720-B9C0-6B1CC41D4647}"
EndProject
Global
	GlobalSection(SolutionConfigurationPlatforms) = preSolution
		Debug|Any CPU = Debug|Any CPU
		Debug|x64 = Debug|x64
		Debug|x86 = Debug|x86
		Release|Any CPU = Release|Any CPU
		Release|x64 = Release|x64
		Release|x86 = Release|x86
	EndGlobalSection
	GlobalSection(ProjectConfigurationPlatforms) = postSolution
		{2CE52CBE-B906-480A-A0AD-A818BEA456A9}.Debug|Any CPU.ActiveCfg = Debug|Any CPU
		{2CE52CBE-B906-480A-A0AD-A818BEA456A9}.Debug|Any CPU.Build.0 = Debug|Any CPU
		{2CE52CBE-B906-480A-A0AD-A818BEA456A9}.Debug|x64.ActiveCfg = Debug|Any CPU
		{2CE52CBE-B906-480A-A0AD-A818BEA456A9}.Debug|x64.Build.0 = Debug|Any CPU
		{2CE52CBE-B906-480A-A0AD-A818BEA456A9}.Debug|x86.ActiveCfg = Debug|Any CPU
		{2CE52CBE-B906-480A-A0AD-A818BEA456A9}.Debug|x86.Build.0 = Debug|Any CPU
		{2CE52CBE-B906-480A-A0AD-A818BEA456A9}.Release|Any CPU.ActiveCfg = Release|Any CPU
		{2CE52CBE-B906-480A-A0AD-A818BEA456A9}.Release|Any CPU.Build.0 = Release|Any CPU
		{2CE52CBE-B906-480A-A0AD-A818BEA456A9}.Release|x64.ActiveCfg = Release|Any CPU
		{2CE52CBE-B906-480A-A0AD-A818BEA456A9}.Release|x64.Build.0 = Release|Any CPU
		{2CE52CBE-B906-480A-A0AD-A818BEA456A9}.Release|x86.ActiveCfg = Release|Any CPU
		{2CE52CBE-B906-480A-A0AD-A818BEA456A9}.Release|x86.Build.0 = Release|Any CPU
		{57495FE2-71A1-468B-91CA-A897BAFA891A}.Debug|Any CPU.ActiveCfg = Debug|Any CPU
		{57495FE2-71A1-468B-91CA-A897BAFA891A}.Debug|Any CPU.Build.0 = Debug|Any CPU
		{57495FE2-71A1-468B-91CA-A897BAFA891A}.Debug|x64.ActiveCfg = Debug|Any CPU
		{57495FE2-71A1-468B-91CA-A897BAFA891A}.Debug|x64.Build.0 = Debug|Any CPU
		{57495FE2-71A1-468B-91CA-A897BAFA891A}.Debug|x86.ActiveCfg = Debug|Any CPU
		{57495FE2-71A1-468B-91CA-A897BAFA891A}.Debug|x86.Build.0 = Debug|Any CPU
		{57495FE2-71A1-468B-91CA-A897BAFA891A}.Release|Any CPU.ActiveCfg = Release|Any CPU
		{57495FE2-71A1-468B-91CA-A897BAFA891A}.Release|Any CPU.Build.0 = Release|Any CPU
		{57495FE2-71A1-468B-91CA-A897BAFA891A}.Release|x64.ActiveCfg = Release|Any CPU
		{57495FE2-71A1-468B-91CA-A897BAFA891A}.Release|x64.Build.0 = Release|Any CPU
		{57495FE2-71A1-468B-91CA-A897BAFA891A}.Release|x86.ActiveCfg = Release|Any CPU
		{57495FE2-71A1-468B-91CA-A897BAFA891A}.Release|x86.Build.0 = Release|Any CPU
		{E7841BF1-F4BB-4B85-AA65-1D8E21C32AC9}.Debug|Any CPU.ActiveCfg = Debug|Any CPU
		{E7841BF1-F4BB-4B85-AA65-1D8E21C32AC9}.Debug|Any CPU.Build.0 = Debug|Any CPU
		{E7841BF1-F4BB-4B85-AA65-1D8E21C32AC9}.Debug|x64.ActiveCfg = Debug|Any CPU
		{E7841BF1-F4BB-4B85-AA65-1D8E21C32AC9}.Debug|x64.Build.0 = Debug|Any CPU
		{E7841BF1-F4BB-4B85-AA65-1D8E21C32AC9}.Debug|x86.ActiveCfg = Debug|Any CPU
		{E7841BF1-F4BB-4B85-AA65-1D8E21C32AC9}.Debug|x86.Build.0 = Debug|Any CPU
		{E7841BF1-F4BB-4B85-AA65-1D8E21C32AC9}.Release|Any CPU.ActiveCfg = Release|Any CPU
		{E7841BF1-F4BB-4B85-AA65-1D8E21C32AC9}.Release|Any CPU.Build.0 = Release|Any CPU
		{E7841BF1-F4BB-4B85-AA65-1D8E21C32AC9}.Release|x64.ActiveCfg = Release|Any CPU
		{E7841BF1-F4BB-4B85-AA65-1D8E21C32AC9}.Release|x64.Build.0 = Release|Any CPU
		{E7841BF1-F4BB-4B85-AA65-1D8E21C32AC9}.Release|x86.ActiveCfg = Release|Any CPU
		{E7841BF1-F4BB-4B85-AA65-1D8E21C32AC9}.Release|x86.Build.0 = Release|Any CPU
		{F8C26719-6462-45A3-94DF-1C1C35DCF75B}.Debug|Any CPU.ActiveCfg = Debug|Any CPU
		{F8C26719-6462-45A3-94DF-1C1C35DCF75B}.Debug|Any CPU.Build.0 = Debug|Any CPU
		{F8C26719-6462-45A3-94DF-1C1C35DCF75B}.Debug|x64.ActiveCfg = Debug|Any CPU
		{F8C26719-6462-45A3-94DF-1C1C35DCF75B}.Debug|x64.Build.0 = Debug|Any CPU
		{F8C26719-6462-45A3-94DF-1C1C35DCF75B}.Debug|x86.ActiveCfg = Debug|Any CPU
		{F8C26719-6462-45A3-94DF-1C1C35DCF75B}.Debug|x86.Build.0 = Debug|Any CPU
		{F8C26719-6462-45A3-94DF-1C1C35DCF75B}.Release|Any CPU.ActiveCfg = Release|Any CPU
		{F8C26719-6462-45A3-94DF-1C1C35DCF75B}.Release|Any CPU.Build.0 = Release|Any CPU
		{F8C26719-6462-45A3-94DF-1C1C35DCF75B}.Release|x64.ActiveCfg = Release|Any CPU
		{F8C26719-6462-45A3-94DF-1C1C35DCF75B}.Release|x64.Build.0 = Release|Any CPU
		{F8C26719-6462-45A3-94DF-1C1C35DCF75B}.Release|x86.ActiveCfg = Release|Any CPU
		{F8C26719-6462-45A3-94DF-1C1C35DCF75B}.Release|x86.Build.0 = Release|Any CPU
		{D5C9675B-30B2-4720-B9C0-6B1CC41D4647}.Debug|Any CPU.ActiveCfg = Debug|Any CPU
		{D5C9675B-30B2-4720-B9C0-6B1CC41D4647}.Debug|Any CPU.Build.0 = Debug|Any CPU
		{D5C9675B-30B2-4720-B9C0-6B1CC41D4647}.Debug|x64.ActiveCfg = Debug|Any CPU
		{D5C9675B-30B2-4720-B9C0-6B1CC41D4647}.Debug|x64.Build.0 = Debug|Any CPU
		{D5C9675B-30B2-4720-B9C0-6B1CC41D4647}.Debug|x86.ActiveCfg = Debug|Any CPU
		{D5C9675B-30B2-4720-B9C0-6B1CC41D4647}.Debug|x86.Build.0 = Debug|Any CPU
		{D5C9675B-30B2-4720-B9C0-6B1CC41D4647}.Release|Any CPU.ActiveCfg = Release|Any CPU
		{D5C9675B-30B2-4720-B9C0-6B1CC41D4647}.Release|Any CPU.Build.0 = Release|Any CPU
		{D5C9675B-30B2-4720-B9C0-6B1CC41D4647}.Release|x64.ActiveCfg = Release|Any CPU
		{D5C9675B-30B2-4720-B9C0-6B1CC41D4647}.Release|x64.Build.0 = Release|Any CPU
		{D5C9675B-30B2-4720-B9C0-6B1CC41D4647}.Release|x86.ActiveCfg = Release|Any CPU
		{D5C9675B-30B2-4720-B9C0-6B1CC41D4647}.Release|x86.Build.0 = Release|Any CPU
	EndGlobalSection
	GlobalSection(SolutionProperties) = preSolution
		HideSolutionNode = FALSE
	EndGlobalSection
EndGlobal
